
Microsoft Visual Studio Solution File, Format Version 12.00
# Visual Studio Version 17
VisualStudioVersion = 17.0.31903.59
MinimumVisualStudioVersion = 10.0.40219.1
Project("{FAE04EC0-301F-11D3-BF4B-00C04F79EFBC}") = "storageAdapterClient", "src\storageAdapterClient.csproj", "{36E2CFBE-4681-41CF-B15C-D7B71CDF2CF0}"
EndProject
Project("{FAE04EC0-301F-11D3-BF4B-00C04F79EFBC}") = "storageAdapterClient.Tests", "test\storageAdapterClient.Tests.csproj", "{2F06687E-3C7C-4F28-9D03-098726564408}"
EndProject
Global
	GlobalSection(SolutionConfigurationPlatforms) = preSolution
		Debug|Any CPU = Debug|Any CPU
		Release|Any CPU = Release|Any CPU
	EndGlobalSection
	GlobalSection(SolutionProperties) = preSolution
		HideSolutionNode = FALSE
	EndGlobalSection
	GlobalSection(ProjectConfigurationPlatforms) = postSolution
		{36E2CFBE-4681-41CF-B15C-D7B71CDF2CF0}.Debug|Any CPU.ActiveCfg = Debug|Any CPU
		{36E2CFBE-4681-41CF-B15C-D7B71CDF2CF0}.Debug|Any CPU.Build.0 = Debug|Any CPU
		{36E2CFBE-4681-41CF-B15C-D7B71CDF2CF0}.Release|Any CPU.ActiveCfg = Release|Any CPU
		{36E2CFBE-4681-41CF-B15C-D7B71CDF2CF0}.Release|Any CPU.Build.0 = Release|Any CPU
		{4C791FA0-CACB-4765-ACB7-1625E170865A}.Debug|Any CPU.ActiveCfg = Debug|Any CPU
		{4C791FA0-CACB-4765-ACB7-1625E170865A}.Debug|Any CPU.Build.0 = Debug|Any CPU
		{4C791FA0-CACB-4765-ACB7-1625E170865A}.Release|Any CPU.ActiveCfg = Release|Any CPU
		{4C791FA0-CACB-4765-ACB7-1625E170865A}.Release|Any CPU.Build.0 = Release|Any CPU
		{2F06687E-3C7C-4F28-9D03-098726564408}.Debug|Any CPU.ActiveCfg = Debug|Any CPU
		{2F06687E-3C7C-4F28-9D03-098726564408}.Debug|Any CPU.Build.0 = Debug|Any CPU
		{2F06687E-3C7C-4F28-9D03-098726564408}.Release|Any CPU.ActiveCfg = Release|Any CPU
		{2F06687E-3C7C-4F28-9D03-098726564408}.Release|Any CPU.Build.0 = Release|Any CPU
	EndGlobalSection
EndGlobal
